
Microsoft Visual Studio Solution File, Format Version 12.00
# Visual Studio 2013
VisualStudioVersion = 12.0.21005.1
MinimumVisualStudioVersion = 10.0.40219.1
Project("{FAE04EC0-301F-11D3-BF4B-00C04F79EFBC}") = "Ludum", "Ludum\Ludum.csproj", "{C061FB16-FB6A-4F41-9593-DF8DB13413FA}"
EndProject
Global
	GlobalSection(SolutionConfigurationPlatforms) = preSolution
		Debug|Any CPU = Debug|Any CPU
		Release|Any CPU = Release|Any CPU
	EndGlobalSection
	GlobalSection(ProjectConfigurationPlatforms) = postSolution
		{C061FB16-FB6A-4F41-9593-DF8DB13413FA}.Debug|Any CPU.ActiveCfg = Debug|x86
		{C061FB16-FB6A-4F41-9593-DF8DB13413FA}.Debug|Any CPU.Build.0 = Debug|x86
		{C061FB16-FB6A-4F41-9593-DF8DB13413FA}.Release|Any CPU.ActiveCfg = Release|x86
		{C061FB16-FB6A-4F41-9593-DF8DB13413FA}.Release|Any CPU.Build.0 = Release|x86
	EndGlobalSection
	GlobalSection(SolutionProperties) = preSolution
		HideSolutionNode = FALSE
	EndGlobalSection
EndGlobal
